// !$*UTF8*$!
{
	archiveVersion = 1;
	classes = {
	};
	objectVersion = 55;
	objects = {

/* Begin PBXBuildFile section */
		DF7BABB327E5A037006D99D3 /* select.png in Resources */ = {isa = PBXBuildFile; fileRef = DF7BABB227E5A037006D99D3 /* select.png */; };
		DFB037DA27DE235B000F5E4F /* AppDelegate.swift in Sources */ = {isa = PBXBuildFile; fileRef = DFB037D927DE235B000F5E4F /* AppDelegate.swift */; };
		DFB037DC27DE235B000F5E4F /* SceneDelegate.swift in Sources */ = {isa = PBXBuildFile; fileRef = DFB037DB27DE235B000F5E4F /* SceneDelegate.swift */; };
		DFB037DE27DE235B000F5E4F /* ViewController.swift in Sources */ = {isa = PBXBuildFile; fileRef = DFB037DD27DE235B000F5E4F /* ViewController.swift */; };
		DFB037E127DE235B000F5E4F /* Main.storyboard in Resources */ = {isa = PBXBuildFile; fileRef = DFB037DF27DE235B000F5E4F /* Main.storyboard */; };
		DFB037E427DE235B000F5E4F /* ArtBookApp.xcdatamodeld in Sources */ = {isa = PBXBuildFile; fileRef = DFB037E227DE235B000F5E4F /* ArtBookApp.xcdatamodeld */; };
		DFB037E627DE235C000F5E4F /* Assets.xcassets in Resources */ = {isa = PBXBuildFile; fileRef = DFB037E527DE235C000F5E4F /* Assets.xcassets */; };
		DFB037E927DE235C000F5E4F /* LaunchScreen.storyboard in Resources */ = {isa = PBXBuildFile; fileRef = DFB037E727DE235C000F5E4F /* LaunchScreen.storyboard */; };
		DFB037F127DE27E2000F5E4F /* DetailsVC.swift in Sources */ = {isa = PBXBuildFile; fileRef = DFB037F027DE27E2000F5E4F /* DetailsVC.swift */; };
/* End PBXBuildFile section */

/* Begin PBXFileReference section */
		DF7BABB227E5A037006D99D3 /* select.png */ = {isa = PBXFileReference; lastKnownFileType = image.png; path = select.png; sourceTree = "<group>"; };
		DFB037D627DE235B000F5E4F /* ArtBookApp.app */ = {isa = PBXFileReference; explicitFileType = wrapper.application; includeInIndex = 0; path = ArtBookApp.app; sourceTree = BUILT_PRODUCTS_DIR; };
		DFB037D927DE235B000F5E4F /* AppDelegate.swift */ = {isa = PBXFileReference; lastKnownFileType = sourcecode.swift; path = AppDelegate.swift; sourceTree = "<group>"; };
		DFB037DB27DE235B000F5E4F /* SceneDelegate.swift */ = {isa = PBXFileReference; lastKnownFileType = sourcecode.swift; path = SceneDelegate.swift; sourceTree = "<group>"; };
		DFB037DD27DE235B000F5E4F /* ViewController.swift */ = {isa = PBXFileReference; lastKnownFileType = sourcecode.swift; path = ViewController.swift; sourceTree = "<group>"; };
		DFB037E027DE235B000F5E4F /* Base */ = {isa = PBXFileReference; lastKnownFileType = file.storyboard; name = Base; path = Base.lproj/Main.storyboard; sourceTree = "<group>"; };
		DFB037E327DE235B000F5E4F /* ArtBookApp.xcdatamodel */ = {isa = PBXFileReference; lastKnownFileType = wrapper.xcdatamodel; path = ArtBookApp.xcdatamodel; sourceTree = "<group>"; };
		DFB037E527DE235C000F5E4F /* Assets.xcassets */ = {isa = PBXFileReference; lastKnownFileType = folder.assetcatalog; path = Assets.xcassets; sourceTree = "<group>"; };
		DFB037E827DE235C000F5E4F /* Base */ = {isa = PBXFileReference; lastKnownFileType = file.storyboard; name = Base; path = Base.lproj/LaunchScreen.storyboard; sourceTree = "<group>"; };
		DFB037EA27DE235C000F5E4F /* Info.plist */ = {isa = PBXFileReference; lastKnownFileType = text.plist.xml; path = Info.plist; sourceTree = "<group>"; };
		DFB037F027DE27E2000F5E4F /* DetailsVC.swift */ = {isa = PBXFileReference; lastKnownFileType = sourcecode.swift; path = DetailsVC.swift; sourceTree = "<group>"; };
/* End PBXFileReference section */

/* Begin PBXFrameworksBuildPhase section */
		DFB037D327DE235B000F5E4F /* Frameworks */ = {
			isa = PBXFrameworksBuildPhase;
			buildActionMask = 2147483647;
			files = (
			);
			runOnlyForDeploymentPostprocessing = 0;
		};
/* End PBXFrameworksBuildPhase section */

/* Begin PBXGroup section */
		DFB037CD27DE235B000F5E4F = {
			isa = PBXGroup;
			children = (
				DFB037D827DE235B000F5E4F /* ArtBookApp */,
				DFB037D727DE235B000F5E4F /* Products */,
			);
			sourceTree = "<group>";
		};
		DFB037D727DE235B000F5E4F /* Products */ = {
			isa = PBXGroup;
			children = (
				DFB037D627DE235B000F5E4F /* ArtBookApp.app */,
			);
			name = Products;
			sourceTree = "<group>";
		};
		DFB037D827DE235B000F5E4F /* ArtBookApp */ = {
			isa = PBXGroup;
			children = (
				DF7BABB227E5A037006D99D3 /* select.png */,
				DFB037D927DE235B000F5E4F /* AppDelegate.swift */,
				DFB037DB27DE235B000F5E4F /* SceneDelegate.swift */,
				DFB037DD27DE235B000F5E4F /* ViewController.swift */,
				DFB037F027DE27E2000F5E4F /* DetailsVC.swift */,
				DFB037DF27DE235B000F5E4F /* Main.storyboard */,
				DFB037E527DE235C000F5E4F /* Assets.xcassets */,
				DFB037E727DE235C000F5E4F /* LaunchScreen.storyboard */,
				DFB037EA27DE235C000F5E4F /* Info.plist */,
				DFB037E227DE235B000F5E4F /* ArtBookApp.xcdatamodeld */,
			);
			path = ArtBookApp;
			sourceTree = "<group>";
		};
/* End PBXGroup section */

/* Begin PBXNativeTarget section */
		DFB037D527DE235B000F5E4F /* ArtBookApp */ = {
			isa = PBXNativeTarget;
			buildConfigurationList = DFB037ED27DE235C000F5E4F /* Build configuration list for PBXNativeTarget "ArtBookApp" */;
			buildPhases = (
				DFB037D227DE235B000F5E4F /* Sources */,
				DFB037D327DE235B000F5E4F /* Frameworks */,
				DFB037D427DE235B000F5E4F /* Resources */,
			);
			buildRules = (
			);
			dependencies = (
			);
			name = ArtBookApp;
			productName = ArtBookApp;
			productReference = DFB037D627DE235B000F5E4F /* ArtBookApp.app */;
			productType = "com.apple.product-type.application";
		};
/* End PBXNativeTarget section */

/* Begin PBXProject section */
		DFB037CE27DE235B000F5E4F /* Project object */ = {
			isa = PBXProject;
			attributes = {
				BuildIndependentTargetsInParallel = 1;
				LastSwiftUpdateCheck = 1320;
				LastUpgradeCheck = 1320;
				TargetAttributes = {
					DFB037D527DE235B000F5E4F = {
						CreatedOnToolsVersion = 13.2.1;
					};
				};
			};
			buildConfigurationList = DFB037D127DE235B000F5E4F /* Build configuration list for PBXProject "ArtBookApp" */;
			compatibilityVersion = "Xcode 13.0";
			developmentRegion = en;
			hasScannedForEncodings = 0;
			knownRegions = (
				en,
				Base,
			);
			mainGroup = DFB037CD27DE235B000F5E4F;
			productRefGroup = DFB037D727DE235B000F5E4F /* Products */;
			projectDirPath = "";
			projectRoot = "";
			targets = (
				DFB037D527DE235B000F5E4F /* ArtBookApp */,
			);
		};
/* End PBXProject section */

/* Begin PBXResourcesBuildPhase section */
		DFB037D427DE235B000F5E4F /* Resources */ = {
			isa = PBXResourcesBuildPhase;
			buildActionMask = 2147483647;
			files = (
				DFB037E927DE235C000F5E4F /* LaunchScreen.storyboard in Resources */,
				DF7BABB327E5A037006D99D3 /* select.png in Resources */,
				DFB037E627DE235C000F5E4F /* Assets.xcassets in Resources */,
				DFB037E127DE235B000F5E4F /* Main.storyboard in Resources */,
			);
			runOnlyForDeploymentPostprocessing = 0;
		};
/* End PBXResourcesBuildPhase section */

/* Begin PBXSourcesBuildPhase section */
		DFB037D227DE235B000F5E4F /* Sources */ = {
			isa = PBXSourcesBuildPhase;
			buildActionMask = 2147483647;
			files = (
				DFB037DE27DE235B000F5E4F /* ViewController.swift in Sources */,
				DFB037DA27DE235B000F5E4F /* AppDelegate.swift in Sources */,
				DFB037E427DE235B000F5E4F /* ArtBookApp.xcdatamodeld in Sources */,
				DFB037DC27DE235B000F5E4F /* SceneDelegate.swift in Sources */,
				DFB037F127DE27E2000F5E4F /* DetailsVC.swift in Sources */,
			);
			runOnlyForDeploymentPostprocessing = 0;
		};
/* End PBXSourcesBuildPhase section */

/* Begin PBXVariantGroup section */
		DFB037DF27DE235B000F5E4F /* Main.storyboard */ = {
			isa = PBXVariantGroup;
			children = (
				DFB037E027DE235B000F5E4F /* Base */,
			);
			name = Main.storyboard;
			sourceTree = "<group>";
		};
		DFB037E727DE235C000F5E4F /* LaunchScreen.storyboard */ = {
			isa = PBXVariantGroup;
			children = (
				DFB037E827DE235C000F5E4F /* Base */,
			);
			name = LaunchScreen.storyboard;
			sourceTree = "<group>";
		};
/* End PBXVariantGroup section */

/* Begin XCBuildConfiguration section */
		DFB037EB27DE235C000F5E4F /* Debug */ = {
			isa = XCBuildConfiguration;
			buildSettings = {
				ALWAYS_SEARCH_USER_PATHS = NO;
				CLANG_ANALYZER_NONNULL = YES;
				CLANG_ANALYZER_NUMBER_OBJECT_CONVERSION = YES_AGGRESSIVE;
				CLANG_CXX_LANGUAGE_STANDARD = "gnu++17";
				CLANG_CXX_LIBRARY = "libc++";
				CLANG_ENABLE_MODULES = YES;
				CLANG_ENABLE_OBJC_ARC = YES;
				CLANG_ENABLE_OBJC_WEAK = YES;
				CLANG_WARN_BLOCK_CAPTURE_AUTORELEASING = YES;
				CLANG_WARN_BOOL_CONVERSION = YES;
				CLANG_WARN_COMMA = YES;
				CLANG_WARN_CONSTANT_CONVERSION = YES;
				CLANG_WARN_DEPRECATED_OBJC_IMPLEMENTATIONS = YES;
				CLANG_WARN_DIRECT_OBJC_ISA_USAGE = YES_ERROR;
				CLANG_WARN_DOCUMENTATION_COMMENTS = YES;
				CLANG_WARN_EMPTY_BODY = YES;
				CLANG_WARN_ENUM_CONVERSION = YES;
				CLANG_WARN_INFINITE_RECURSION = YES;
				CLANG_WARN_INT_CONVERSION = YES;
				CLANG_WARN_NON_LITERAL_NULL_CONVERSION = YES;
				CLANG_WARN_OBJC_IMPLICIT_RETAIN_SELF = YES;
				CLANG_WARN_OBJC_LITERAL_CONVERSION = YES;
				CLANG_WARN_OBJC_ROOT_CLASS = YES_ERROR;
				CLANG_WARN_QUOTED_INCLUDE_IN_FRAMEWORK_HEADER = YES;
				CLANG_WARN_RANGE_LOOP_ANALYSIS = YES;
				CLANG_WARN_STRICT_PROTOTYPES = YES;
				CLANG_WARN_SUSPICIOUS_MOVE = YES;
				CLANG_WARN_UNGUARDED_AVAILABILITY = YES_AGGRESSIVE;
				CLANG_WARN_UNREACHABLE_CODE = YES;
				CLANG_WARN__DUPLICATE_METHOD_MATCH = YES;
				COPY_PHASE_STRIP = NO;
				DEBUG_INFORMATION_FORMAT = dwarf;
				ENABLE_STRICT_OBJC_MSGSEND = YES;
				ENABLE_TESTABILITY = YES;
				GCC_C_LANGUAGE_STANDARD = gnu11;
				GCC_DYNAMIC_NO_PIC = NO;
				GCC_NO_COMMON_BLOCKS = YES;
				GCC_OPTIMIZATION_LEVEL = 0;
				GCC_PREPROCESSOR_DEFINITIONS = (
					"DEBUG=1",
					"$(inherited)",
				);
				GCC_WARN_64_TO_32_BIT_CONVERSION = YES;
				GCC_WARN_ABOUT_RETURN_TYPE = YES_ERROR;
				GCC_WARN_UNDECLARED_SELECTOR = YES;
				GCC_WARN_UNINITIALIZED_AUTOS = YES_AGGRESSIVE;
				GCC_WARN_UNUSED_FUNCTION = YES;
				GCC_WARN_UNUSED_VARIABLE = YES;
				IPHONEOS_DEPLOYMENT_TARGET = 15.2;
				MTL_ENABLE_DEBUG_INFO = INCLUDE_SOURCE;
				MTL_FAST_MATH = YES;
				ONLY_ACTIVE_ARCH = YES;
				SDKROOT = iphoneos;
				SWIFT_ACTIVE_COMPILATION_CONDITIONS = DEBUG;
				SWIFT_OPTIMIZATION_LEVEL = "-Onone";
			};
			name = Debug;
		};
		DFB037EC27DE235C000F5E4F /* Release */ = {
			isa = XCBuildConfiguration;
			buildSettings = {
				ALWAYS_SEARCH_USER_PATHS = NO;
				CLANG_ANALYZER_NONNULL = YES;
				CLANG_ANALYZER_NUMBER_OBJECT_CONVERSION = YES_AGGRESSIVE;
				CLANG_CXX_LANGUAGE_STANDARD = "gnu++17";
				CLANG_CXX_LIBRARY = "libc++";
				CLANG_ENABLE_MODULES = YES;
				CLANG_ENABLE_OBJC_ARC = YES;
				CLANG_ENABLE_OBJC_WEAK = YES;
				CLANG_WARN_BLOCK_CAPTURE_AUTORELEASING = YES;
				CLANG_WARN_BOOL_CONVERSION = YES;
				CLANG_WARN_COMMA = YES;
				CLANG_WARN_CONSTANT_CONVERSION = YES;
				CLANG_WARN_DEPRECATED_OBJC_IMPLEMENTATIONS = YES;
				CLANG_WARN_DIRECT_OBJC_ISA_USAGE = YES_ERROR;
				CLANG_WARN_DOCUMENTATION_COMMENTS = YES;
				CLANG_WARN_EMPTY_BODY = YES;
				CLANG_WARN_ENUM_CONVERSION = YES;
				CLANG_WARN_INFINITE_RECURSION = YES;
				CLANG_WARN_INT_CONVERSION = YES;
				CLANG_WARN_NON_LITERAL_NULL_CONVERSION = YES;
				CLANG_WARN_OBJC_IMPLICIT_RETAIN_SELF = YES;
				CLANG_WARN_OBJC_LITERAL_CONVERSION = YES;
				CLANG_WARN_OBJC_ROOT_CLASS = YES_ERROR;
				CLANG_WARN_QUOTED_INCLUDE_IN_FRAMEWORK_HEADER = YES;
				CLANG_WARN_RANGE_LOOP_ANALYSIS = YES;
				CLANG_WARN_STRICT_PROTOTYPES = YES;
				CLANG_WARN_SUSPICIOUS_MOVE = YES;
				CLANG_WARN_UNGUARDED_AVAILABILITY = YES_AGGRESSIVE;
				CLANG_WARN_UNREACHABLE_CODE = YES;
				CLANG_WARN__DUPLICATE_METHOD_MATCH = YES;
				COPY_PHASE_STRIP = NO;
				DEBUG_INFORMATION_FORMAT = "dwarf-with-dsym";
				ENABLE_NS_ASSERTIONS = NO;
				ENABLE_STRICT_OBJC_MSGSEND = YES;
				GCC_C_LANGUAGE_STANDARD = gnu11;
				GCC_NO_COMMON_BLOCKS = YES;
				GCC_WARN_64_TO_32_BIT_CONVERSION = YES;
				GCC_WARN_ABOUT_RETURN_TYPE = YES_ERROR;
				GCC_WARN_UNDECLARED_SELECTOR = YES;
				GCC_WARN_UNINITIALIZED_AUTOS = YES_AGGRESSIVE;
				GCC_WARN_UNUSED_FUNCTION = YES;
				GCC_WARN_UNUSED_VARIABLE = YES;
				IPHONEOS_DEPLOYMENT_TARGET = 15.2;
				MTL_ENABLE_DEBUG_INFO = NO;
				MTL_FAST_MATH = YES;
				SDKROOT = iphoneos;
				SWIFT_COMPILATION_MODE = wholemodule;
				SWIFT_OPTIMIZATION_LEVEL = "-O";
				VALIDATE_PRODUCT = YES;
			};
			name = Release;
		};
		DFB037EE27DE235C000F5E4F /* Debug */ = {
			isa = XCBuildConfiguration;
			buildSettings = {
				ASSETCATALOG_COMPILER_APPICON_NAME = AppIcon;
				ASSETCATALOG_COMPILER_GLOBAL_ACCENT_COLOR_NAME = AccentColor;
				CODE_SIGN_STYLE = Automatic;
				CURRENT_PROJECT_VERSION = 1;
				DEVELOPMENT_TEAM = NKU3B2LZQA;
				GENERATE_INFOPLIST_FILE = YES;
				INFOPLIST_FILE = ArtBookApp/Info.plist;
				INFOPLIST_KEY_UIApplicationSupportsIndirectInputEvents = YES;
				INFOPLIST_KEY_UILaunchStoryboardName = LaunchScreen;
				INFOPLIST_KEY_UIMainStoryboardFile = Main;
				INFOPLIST_KEY_UISupportedInterfaceOrientations_iPad = "UIInterfaceOrientationPortrait UIInterfaceOrientationPortraitUpsideDown UIInterfaceOrientationLandscapeLeft UIInterfaceOrientationLandscapeRight";
				INFOPLIST_KEY_UISupportedInterfaceOrientations_iPhone = "UIInterfaceOrientationPortrait UIInterfaceOrientationLandscapeLeft UIInterfaceOrientationLandscapeRight";
				LD_RUNPATH_SEARCH_PATHS = (
					"$(inherited)",
					"@executable_path/Frameworks",
				);
				MARKETING_VERSION = 1.0;
				PRODUCT_BUNDLE_IDENTIFIER = com.omerfaruksumer.ArtBookApp;
				PRODUCT_NAME = "$(TARGET_NAME)";
				SWIFT_EMIT_LOC_STRINGS = YES;
				SWIFT_VERSION = 5.0;
				TARGETED_DEVICE_FAMILY = "1,2";
			};
			name = Debug;
		};
		DFB037EF27DE235C000F5E4F /* Release */ = {
			isa = XCBuildConfiguration;
			buildSettings = {
				ASSETCATALOG_COMPILER_APPICON_NAME = AppIcon;
				ASSETCATALOG_COMPILER_GLOBAL_ACCENT_COLOR_NAME = AccentColor;
				CODE_SIGN_STYLE = Automatic;
				CURRENT_PROJECT_VERSION = 1;
				DEVELOPMENT_TEAM = NKU3B2LZQA;
				GENERATE_INFOPLIST_FILE = YES;
				INFOPLIST_FILE = ArtBookApp/Info.plist;
				INFOPLIST_KEY_UIApplicationSupportsIndirectInputEvents = YES;
				INFOPLIST_KEY_UILaunchStoryboardName = LaunchScreen;
				INFOPLIST_KEY_UIMainStoryboardFile = Main;
				INFOPLIST_KEY_UISupportedInterfaceOrientations_iPad = "UIInterfaceOrientationPortrait UIInterfaceOrientationPortraitUpsideDown UIInterfaceOrientationLandscapeLeft UIInterfaceOrientationLandscapeRight";
				INFOPLIST_KEY_UISupportedInterfaceOrientations_iPhone = "UIInterfaceOrientationPortrait UIInterfaceOrientationLandscapeLeft UIInterfaceOrientationLandscapeRight";
				LD_RUNPATH_SEARCH_PATHS = (
					"$(inherited)",
					"@executable_path/Frameworks",
				);
				MARKETING_VERSION = 1.0;
				PRODUCT_BUNDLE_IDENTIFIER = com.omerfaruksumer.ArtBookApp;
				PRODUCT_NAME = "$(TARGET_NAME)";
				SWIFT_EMIT_LOC_STRINGS = YES;
				SWIFT_VERSION = 5.0;
				TARGETED_DEVICE_FAMILY = "1,2";
			};
			name = Release;
		};
/* End XCBuildConfiguration section */

/* Begin XCConfigurationList section */
		DFB037D127DE235B000F5E4F /* Build configuration list for PBXProject "ArtBookApp" */ = {
			isa = XCConfigurationList;
			buildConfigurations = (
				DFB037EB27DE235C000F5E4F /* Debug */,
				DFB037EC27DE235C000F5E4F /* Release */,
			);
			defaultConfigurationIsVisible = 0;
			defaultConfigurationName = Release;
		};
		DFB037ED27DE235C000F5E4F /* Build configuration list for PBXNativeTarget "ArtBookApp" */ = {
			isa = XCConfigurationList;
			buildConfigurations = (
				DFB037EE27DE235C000F5E4F /* Debug */,
				DFB037EF27DE235C000F5E4F /* Release */,
			);
			defaultConfigurationIsVisible = 0;
			defaultConfigurationName = Release;
		};
/* End XCConfigurationList section */

/* Begin XCVersionGroup section */
		DFB037E227DE235B000F5E4F /* ArtBookApp.xcdatamodeld */ = {
			isa = XCVersionGroup;
			children = (
				DFB037E327DE235B000F5E4F /* ArtBookApp.xcdatamodel */,
			);
			currentVersion = DFB037E327DE235B000F5E4F /* ArtBookApp.xcdatamodel */;
			path = ArtBookApp.xcdatamodeld;
			sourceTree = "<group>";
			versionGroupType = wrapper.xcdatamodel;
		};
/* End XCVersionGroup section */
	};
	rootObject = DFB037CE27DE235B000F5E4F /* Project object */;
}
